
Microsoft Visual Studio Solution File, Format Version 12.00
# Visual Studio Version 16
VisualStudioVersion = 16.0.29215.179
MinimumVisualStudioVersion = 10.0.40219.1
Project("{FAE04EC0-301F-11D3-BF4B-00C04F79EFBC}") = "TLMS-Intranet", "TLMS-Intranet.csproj", "{E2C165C7-D195-4C66-8E7B-3CEFBAB9AB53}"
EndProject
Global
	GlobalSection(SolutionConfigurationPlatforms) = preSolution
		Debug|Any CPU = Debug|Any CPU
		Release|Any CPU = Release|Any CPU
	EndGlobalSection
	GlobalSection(ProjectConfigurationPlatforms) = postSolution
		{E2C165C7-D195-4C66-8E7B-3CEFBAB9AB53}.Debug|Any CPU.ActiveCfg = Debug|Any CPU
		{E2C165C7-D195-4C66-8E7B-3CEFBAB9AB53}.Debug|Any CPU.Build.0 = Debug|Any CPU
		{E2C165C7-D195-4C66-8E7B-3CEFBAB9AB53}.Release|Any CPU.ActiveCfg = Release|Any CPU
		{E2C165C7-D195-4C66-8E7B-3CEFBAB9AB53}.Release|Any CPU.Build.0 = Release|Any CPU
	EndGlobalSection
	GlobalSection(SolutionProperties) = preSolution
		HideSolutionNode = FALSE
	EndGlobalSection
	GlobalSection(ExtensibilityGlobals) = postSolution
		SolutionGuid = {8BB2D61A-76E2-4625-B95C-721FE3C6D005}
	EndGlobalSection
EndGlobal
